
Microsoft Visual Studio Solution File, Format Version 12.00
# Visual Studio 15
VisualStudioVersion = 15.0.27130.2027
MinimumVisualStudioVersion = 10.0.40219.1
Project("{9A19103F-16F7-4668-BE54-9A1E7A4F7556}") = "roman.redis-visualisation", "src\roman.redis-visualisation\roman.redis-visualisation.csproj", "{2EC2265D-3D7D-45D3-8F7A-799893219EC6}"
EndProject
Global
	GlobalSection(SolutionConfigurationPlatforms) = preSolution
		Debug|Any CPU = Debug|Any CPU
		Release|Any CPU = Release|Any CPU
	EndGlobalSection
	GlobalSection(ProjectConfigurationPlatforms) = postSolution
		{2EC2265D-3D7D-45D3-8F7A-799893219EC6}.Debug|Any CPU.ActiveCfg = Debug|Any CPU
		{2EC2265D-3D7D-45D3-8F7A-799893219EC6}.Debug|Any CPU.Build.0 = Debug|Any CPU
		{2EC2265D-3D7D-45D3-8F7A-799893219EC6}.Release|Any CPU.ActiveCfg = Release|Any CPU
		{2EC2265D-3D7D-45D3-8F7A-799893219EC6}.Release|Any CPU.Build.0 = Release|Any CPU
	EndGlobalSection
	GlobalSection(SolutionProperties) = preSolution
		HideSolutionNode = FALSE
	EndGlobalSection
	GlobalSection(ExtensibilityGlobals) = postSolution
		SolutionGuid = {D9A9ACA0-9810-4583-80D9-E29805C5048C}
	EndGlobalSection
EndGlobal
